PODS:
  - Alamofire (4.7.0)
  - RxCocoa (4.1.2):
    - RxSwift (~> 4.0)
  - RxSwift (4.1.2)
  - Spring (1.0.5)

DEPENDENCIES:
  - Alamofire (~> 4.0)
  - RxCocoa (~> 4.0)
  - RxSwift (~> 4.0)
  - Spring (~> 1.0)

SPEC REPOS:
  https://github.com/CocoaPods/Specs.git:
    - Alamofire
    - RxCocoa
    - RxSwift
    - Spring

SPEC CHECKSUMS:
  Alamofire: 907e0a98eb68cdb7f9d1f541a563d6ac5dc77b25
  RxCocoa: d88ba0f1f6abf040011a9eb4b539324fc426843a
  RxSwift: e49536837d9901277638493ea537394d4b55f570
  Spring: 17901566c8ecf3a1327902b940406c64512f9bb1

PODFILE CHECKSUM: 53df3fd60525dc0949f6559a2af07a7570ae1601

COCOAPODS: 1.5.0
